// !$*UTF8*$!
{
	archiveVersion = 1;
	classes = {
	};
	objectVersion = 60;
	objects = {

/* Begin PBXBuildFile section */
		3472D7D42E8CFCB100C0714E /* AlternativeBillingScreen.swift in Sources */ = {isa = PBXBuildFile; fileRef = 3472D7D32E8CFCB100C0714E /* AlternativeBillingScreen.swift */; };
		C0APV0022D20000000000001 /* AllProductsView.swift in Sources */ = {isa = PBXBuildFile; fileRef = C0APV0012D20000000000001 /* AllProductsView.swift */; };
		C0E1F5E92C8F1A9400123456 /* OpenIapExampleApp.swift in Sources */ = {isa = PBXBuildFile; fileRef = C0E1F5E82C8F1A9400123456 /* OpenIapExampleApp.swift */; };
		C0E1F5EB2C8F1A9400123456 /* ContentView.swift in Sources */ = {isa = PBXBuildFile; fileRef = C0E1F5EA2C8F1A9400123456 /* ContentView.swift */; };
		C0E1F5ED2C8F1A9500123456 /* Assets.xcassets in Resources */ = {isa = PBXBuildFile; fileRef = C0E1F5EC2C8F1A9500123456 /* Assets.xcassets */; };
		C0E1F5F02C8F1A9500123456 /* Preview Assets.xcassets in Resources */ = {isa = PBXBuildFile; fileRef = C0E1F5EF2C8F1A9500123456 /* Preview Assets.xcassets */; };
		C0E1F5F82C8F1AA300123456 /* HomeScreen.swift in Sources */ = {isa = PBXBuildFile; fileRef = C0E1F5F72C8F1AA300123456 /* HomeScreen.swift */; };
		C0E1F5FA2C8F1AAB00123456 /* PurchaseFlowScreen.swift in Sources */ = {isa = PBXBuildFile; fileRef = C0E1F5F92C8F1AAB00123456 /* PurchaseFlowScreen.swift */; };
		C0E1F5FC2C8F1AB000123456 /* SubscriptionFlowScreen.swift in Sources */ = {isa = PBXBuildFile; fileRef = C0E1F5FB2C8F1AB000123456 /* SubscriptionFlowScreen.swift */; };
		C0E1F5FE2C8F1AB500123456 /* AvailablePurchasesScreen.swift in Sources */ = {isa = PBXBuildFile; fileRef = C0E1F5FD2C8F1AB500123456 /* AvailablePurchasesScreen.swift */; };
		C0E1F6002C8F1ABA00123456 /* OfferCodeScreen.swift in Sources */ = {isa = PBXBuildFile; fileRef = C0E1F5FF2C8F1ABA00123456 /* OfferCodeScreen.swift */; };
		C0E1F6042C8F1AC500123456 /* AppColors.swift in Sources */ = {isa = PBXBuildFile; fileRef = C0E1F6032C8F1AC500123456 /* AppColors.swift */; };
		C0E1F6072C8F1AD000123456 /* OpenIAP in Frameworks */ = {isa = PBXBuildFile; productRef = C0E1F6062C8F1AD000123456 /* OpenIAP */; };
		C0IAC0012D10000000000001 /* IapCompat.swift in Sources */ = {isa = PBXBuildFile; fileRef = C0IAC0002D10000000000001 /* IapCompat.swift */; };
		C0UI00012D00000000000001 /* FeatureCard.swift in Sources */ = {isa = PBXBuildFile; fileRef = C0UI10012D00000000000001 /* FeatureCard.swift */; };
		C0UI00022D00000000000002 /* LoadingCard.swift in Sources */ = {isa = PBXBuildFile; fileRef = C0UI10022D00000000000002 /* LoadingCard.swift */; };
		C0UI00032D00000000000003 /* EmptyStateCard.swift in Sources */ = {isa = PBXBuildFile; fileRef = C0UI10032D00000000000003 /* EmptyStateCard.swift */; };
		C0UI00042D00000000000004 /* SectionHeaderView.swift in Sources */ = {isa = PBXBuildFile; fileRef = C0UI10042D00000000000004 /* SectionHeaderView.swift */; };
		C0UI00052D00000000000005 /* ProductListCard.swift in Sources */ = {isa = PBXBuildFile; fileRef = C0UI10052D00000000000005 /* ProductListCard.swift */; };
		C0UI00062D00000000000006 /* ProductGridCard.swift in Sources */ = {isa = PBXBuildFile; fileRef = C0UI10062D00000000000006 /* ProductGridCard.swift */; };
		C0UI00072D00000000000007 /* ActivePurchaseCard.swift in Sources */ = {isa = PBXBuildFile; fileRef = C0UI10072D00000000000007 /* ActivePurchaseCard.swift */; };
		C0UI00082D00000000000008 /* InstructionRow.swift in Sources */ = {isa = PBXBuildFile; fileRef = C0UI10082D00000000000008 /* InstructionRow.swift */; };
		C0UI00092D00000000000009 /* ProductCard.swift in Sources */ = {isa = PBXBuildFile; fileRef = C0UI10092D00000000000009 /* ProductCard.swift */; };
		C0UI000A2D0000000000000A /* SubscriptionCard.swift in Sources */ = {isa = PBXBuildFile; fileRef = C0UI100A2D0000000000000A /* SubscriptionCard.swift */; };
		C0UI000B2D0000000000000B /* PurchaseHistoryCard.swift in Sources */ = {isa = PBXBuildFile; fileRef = C0UI100B2D0000000000000B /* PurchaseHistoryCard.swift */; };
		C0UI000C2D0000000000000C /* InstructionCard.swift in Sources */ = {isa = PBXBuildFile; fileRef = C0UI100C2D0000000000000C /* InstructionCard.swift */; };
		C0UI000D2D0000000000000D /* TestingNotesCard.swift in Sources */ = {isa = PBXBuildFile; fileRef = C0UI100D2D0000000000000D /* TestingNotesCard.swift */; };
		C0UI000E2D0000000000000E /* TestingNote.swift in Sources */ = {isa = PBXBuildFile; fileRef = C0UI100E2D0000000000000E /* TestingNote.swift */; };
		C0UI000F2D0000000000000F /* PurchaseCard.swift in Sources */ = {isa = PBXBuildFile; fileRef = C0UI100F2D0000000000000F /* PurchaseCard.swift */; };
		C0UI00102D00000000000010 /* PurchaseDetailSheet.swift in Sources */ = {isa = PBXBuildFile; fileRef = C0UI10102D00000000000010 /* PurchaseDetailSheet.swift */; };
/* End PBXBuildFile section */

/* Begin PBXFileReference section */
		3472D7D32E8CFCB100C0714E /* AlternativeBillingScreen.swift */ = {isa = PBXFileReference; lastKnownFileType = sourcecode.swift; path = AlternativeBillingScreen.swift; sourceTree = "<group>"; };
		C0APV0012D20000000000001 /* AllProductsView.swift */ = {isa = PBXFileReference; lastKnownFileType = sourcecode.swift; path = AllProductsView.swift; sourceTree = "<group>"; };
		C0E1F5E52C8F1A9400123456 /* OpenIapExample.app */ = {isa = PBXFileReference; explicitFileType = wrapper.application; includeInIndex = 0; path = OpenIapExample.app; sourceTree = BUILT_PRODUCTS_DIR; };
		C0E1F5E82C8F1A9400123456 /* OpenIapExampleApp.swift */ = {isa = PBXFileReference; lastKnownFileType = sourcecode.swift; path = OpenIapExampleApp.swift; sourceTree = "<group>"; };
		C0E1F5EA2C8F1A9400123456 /* ContentView.swift */ = {isa = PBXFileReference; lastKnownFileType = sourcecode.swift; path = ContentView.swift; sourceTree = "<group>"; };
		C0E1F5EC2C8F1A9500123456 /* Assets.xcassets */ = {isa = PBXFileReference; lastKnownFileType = folder.assetcatalog; path = Assets.xcassets; sourceTree = "<group>"; };
		C0E1F5EF2C8F1A9500123456 /* Preview Assets.xcassets */ = {isa = PBXFileReference; lastKnownFileType = folder.assetcatalog; path = "Preview Assets.xcassets"; sourceTree = "<group>"; };
		C0E1F5F72C8F1AA300123456 /* HomeScreen.swift */ = {isa = PBXFileReference; lastKnownFileType = sourcecode.swift; path = HomeScreen.swift; sourceTree = "<group>"; };
		C0E1F5F92C8F1AAB00123456 /* PurchaseFlowScreen.swift */ = {isa = PBXFileReference; lastKnownFileType = sourcecode.swift; path = PurchaseFlowScreen.swift; sourceTree = "<group>"; };
		C0E1F5FB2C8F1AB000123456 /* SubscriptionFlowScreen.swift */ = {isa = PBXFileReference; lastKnownFileType = sourcecode.swift; path = SubscriptionFlowScreen.swift; sourceTree = "<group>"; };
		C0E1F5FD2C8F1AB500123456 /* AvailablePurchasesScreen.swift */ = {isa = PBXFileReference; lastKnownFileType = sourcecode.swift; path = AvailablePurchasesScreen.swift; sourceTree = "<group>"; };
		C0E1F5FF2C8F1ABA00123456 /* OfferCodeScreen.swift */ = {isa = PBXFileReference; lastKnownFileType = sourcecode.swift; path = OfferCodeScreen.swift; sourceTree = "<group>"; };
		C0E1F6032C8F1AC500123456 /* AppColors.swift */ = {isa = PBXFileReference; lastKnownFileType = sourcecode.swift; path = AppColors.swift; sourceTree = "<group>"; };
		C0IAC0002D10000000000001 /* IapCompat.swift */ = {isa = PBXFileReference; lastKnownFileType = sourcecode.swift; path = IapCompat.swift; sourceTree = "<group>"; };
		C0UI10012D00000000000001 /* FeatureCard.swift */ = {isa = PBXFileReference; lastKnownFileType = sourcecode.swift; path = FeatureCard.swift; sourceTree = "<group>"; };
		C0UI10022D00000000000002 /* LoadingCard.swift */ = {isa = PBXFileReference; lastKnownFileType = sourcecode.swift; path = LoadingCard.swift; sourceTree = "<group>"; };
		C0UI10032D00000000000003 /* EmptyStateCard.swift */ = {isa = PBXFileReference; lastKnownFileType = sourcecode.swift; path = EmptyStateCard.swift; sourceTree = "<group>"; };
		C0UI10042D00000000000004 /* SectionHeaderView.swift */ = {isa = PBXFileReference; lastKnownFileType = sourcecode.swift; path = SectionHeaderView.swift; sourceTree = "<group>"; };
		C0UI10052D00000000000005 /* ProductListCard.swift */ = {isa = PBXFileReference; lastKnownFileType = sourcecode.swift; path = ProductListCard.swift; sourceTree = "<group>"; };
		C0UI10062D00000000000006 /* ProductGridCard.swift */ = {isa = PBXFileReference; lastKnownFileType = sourcecode.swift; path = ProductGridCard.swift; sourceTree = "<group>"; };
		C0UI10072D00000000000007 /* ActivePurchaseCard.swift */ = {isa = PBXFileReference; lastKnownFileType = sourcecode.swift; path = ActivePurchaseCard.swift; sourceTree = "<group>"; };
		C0UI10082D00000000000008 /* InstructionRow.swift */ = {isa = PBXFileReference; lastKnownFileType = sourcecode.swift; path = InstructionRow.swift; sourceTree = "<group>"; };
		C0UI10092D00000000000009 /* ProductCard.swift */ = {isa = PBXFileReference; lastKnownFileType = sourcecode.swift; path = ProductCard.swift; sourceTree = "<group>"; };
		C0UI100A2D0000000000000A /* SubscriptionCard.swift */ = {isa = PBXFileReference; lastKnownFileType = sourcecode.swift; path = SubscriptionCard.swift; sourceTree = "<group>"; };
		C0UI100B2D0000000000000B /* PurchaseHistoryCard.swift */ = {isa = PBXFileReference; lastKnownFileType = sourcecode.swift; path = PurchaseHistoryCard.swift; sourceTree = "<group>"; };
		C0UI100C2D0000000000000C /* InstructionCard.swift */ = {isa = PBXFileReference; lastKnownFileType = sourcecode.swift; path = InstructionCard.swift; sourceTree = "<group>"; };
		C0UI100D2D0000000000000D /* TestingNotesCard.swift */ = {isa = PBXFileReference; lastKnownFileType = sourcecode.swift; path = TestingNotesCard.swift; sourceTree = "<group>"; };
		C0UI100E2D0000000000000E /* TestingNote.swift */ = {isa = PBXFileReference; lastKnownFileType = sourcecode.swift; path = TestingNote.swift; sourceTree = "<group>"; };
		C0UI100F2D0000000000000F /* PurchaseCard.swift */ = {isa = PBXFileReference; lastKnownFileType = sourcecode.swift; path = PurchaseCard.swift; sourceTree = "<group>"; };
		C0UI10102D00000000000010 /* PurchaseDetailSheet.swift */ = {isa = PBXFileReference; lastKnownFileType = sourcecode.swift; path = PurchaseDetailSheet.swift; sourceTree = "<group>"; };
/* End PBXFileReference section */

/* Begin PBXFrameworksBuildPhase section */
		C0E1F5E22C8F1A9400123456 /* Frameworks */ = {
			isa = PBXFrameworksBuildPhase;
			buildActionMask = 2147483647;
			files = (
				C0E1F6072C8F1AD000123456 /* OpenIAP in Frameworks */,
			);
			runOnlyForDeploymentPostprocessing = 0;
		};
/* End PBXFrameworksBuildPhase section */

/* Begin PBXGroup section */
		C0E1F5DC2C8F1A9400123456 = {
			isa = PBXGroup;
			children = (
				C0E1F5E72C8F1A9400123456 /* OpenIapExample */,
				C0E1F5E62C8F1A9400123456 /* Products */,
			);
			sourceTree = "<group>";
		};
		C0E1F5E62C8F1A9400123456 /* Products */ = {
			isa = PBXGroup;
			children = (
				C0E1F5E52C8F1A9400123456 /* OpenIapExample.app */,
			);
			name = Products;
			sourceTree = "<group>";
		};
		C0E1F5E72C8F1A9400123456 /* OpenIapExample */ = {
			isa = PBXGroup;
			children = (
				C0E1F6092C8F1ADB00123456 /* ViewModels */,
				C0E1F60A2C8F1AE000123456 /* Models */,
				C0E1F6082C8F1AD500123456 /* Screens */,
				C0E1F5E82C8F1A9400123456 /* OpenIapExampleApp.swift */,
				C0E1F5EA2C8F1A9400123456 /* ContentView.swift */,
				C0E1F5EC2C8F1A9500123456 /* Assets.xcassets */,
				C0E1F5EE2C8F1A9500123456 /* Preview Content */,
			);
			path = OpenIapExample;
			sourceTree = "<group>";
		};
		C0E1F5EE2C8F1A9500123456 /* Preview Content */ = {
			isa = PBXGroup;
			children = (
				C0E1F5EF2C8F1A9500123456 /* Preview Assets.xcassets */,
			);
			path = "Preview Content";
			sourceTree = "<group>";
		};
		C0E1F6082C8F1AD500123456 /* Screens */ = {
			isa = PBXGroup;
			children = (
				C0UI20012D00000000000001 /* uis */,
				C0E1F5F72C8F1AA300123456 /* HomeScreen.swift */,
				C0APV0012D20000000000001 /* AllProductsView.swift */,
				3472D7D32E8CFCB100C0714E /* AlternativeBillingScreen.swift */,
				C0E1F5F92C8F1AAB00123456 /* PurchaseFlowScreen.swift */,
				C0E1F5FB2C8F1AB000123456 /* SubscriptionFlowScreen.swift */,
				C0E1F5FD2C8F1AB500123456 /* AvailablePurchasesScreen.swift */,
				C0E1F5FF2C8F1ABA00123456 /* OfferCodeScreen.swift */,
			);
			path = Screens;
			sourceTree = "<group>";
		};
		C0E1F6092C8F1ADB00123456 /* ViewModels */ = {
			isa = PBXGroup;
			children = (
			);
			path = ViewModels;
			sourceTree = "<group>";
		};
		C0E1F60A2C8F1AE000123456 /* Models */ = {
			isa = PBXGroup;
			children = (
				C0E1F6032C8F1AC500123456 /* AppColors.swift */,
				C0IAC0002D10000000000001 /* IapCompat.swift */,
			);
			path = Models;
			sourceTree = "<group>";
		};
		C0UI20012D00000000000001 /* uis */ = {
			isa = PBXGroup;
			children = (
				C0UI10012D00000000000001 /* FeatureCard.swift */,
				C0UI10022D00000000000002 /* LoadingCard.swift */,
				C0UI10032D00000000000003 /* EmptyStateCard.swift */,
				C0UI10042D00000000000004 /* SectionHeaderView.swift */,
				C0UI10052D00000000000005 /* ProductListCard.swift */,
				C0UI10062D00000000000006 /* ProductGridCard.swift */,
				C0UI10072D00000000000007 /* ActivePurchaseCard.swift */,
				C0UI10082D00000000000008 /* InstructionRow.swift */,
				C0UI10092D00000000000009 /* ProductCard.swift */,
				C0UI100A2D0000000000000A /* SubscriptionCard.swift */,
				C0UI100B2D0000000000000B /* PurchaseHistoryCard.swift */,
				C0UI100C2D0000000000000C /* InstructionCard.swift */,
				C0UI100D2D0000000000000D /* TestingNotesCard.swift */,
				C0UI100E2D0000000000000E /* TestingNote.swift */,
				C0UI100F2D0000000000000F /* PurchaseCard.swift */,
				C0UI10102D00000000000010 /* PurchaseDetailSheet.swift */,
			);
			path = uis;
			sourceTree = "<group>";
		};
/* End PBXGroup section */

/* Begin PBXNativeTarget section */
		C0E1F5E42C8F1A9400123456 /* OpenIapExample */ = {
			isa = PBXNativeTarget;
			buildConfigurationList = C0E1F5F32C8F1A9500123456 /* Build configuration list for PBXNativeTarget "OpenIapExample" */;
			buildPhases = (
				C0E1F5E12C8F1A9400123456 /* Sources */,
				C0E1F5E22C8F1A9400123456 /* Frameworks */,
				C0E1F5E32C8F1A9400123456 /* Resources */,
			);
			buildRules = (
			);
			dependencies = (
			);
			name = OpenIapExample;
			packageProductDependencies = (
				C0E1F6062C8F1AD000123456 /* OpenIAP */,
			);
			productName = OpenIapExample;
			productReference = C0E1F5E52C8F1A9400123456 /* OpenIapExample.app */;
			productType = "com.apple.product-type.application";
		};
/* End PBXNativeTarget section */

/* Begin PBXProject section */
		C0E1F5DD2C8F1A9400123456 /* Project object */ = {
			isa = PBXProject;
			attributes = {
				BuildIndependentTargetsInParallel = 1;
				LastSwiftUpdateCheck = 1500;
				LastUpgradeCheck = 2600;
				TargetAttributes = {
					C0E1F5E42C8F1A9400123456 = {
						CreatedOnToolsVersion = 15.0;
					};
				};
			};
			buildConfigurationList = C0E1F5E02C8F1A9400123456 /* Build configuration list for PBXProject "Martie" */;
			compatibilityVersion = "Xcode 14.0";
			developmentRegion = en;
			hasScannedForEncodings = 0;
			knownRegions = (
				en,
				Base,
			);
			mainGroup = C0E1F5DC2C8F1A9400123456;
			packageReferences = (
				C0E1F6052C8F1AD000123456 /* XCLocalSwiftPackageReference ".." */,
			);
			productRefGroup = C0E1F5E62C8F1A9400123456 /* Products */;
			projectDirPath = "";
			projectRoot = "";
			targets = (
				C0E1F5E42C8F1A9400123456 /* OpenIapExample */,
			);
		};
/* End PBXProject section */

/* Begin PBXResourcesBuildPhase section */
		C0E1F5E32C8F1A9400123456 /* Resources */ = {
			isa = PBXResourcesBuildPhase;
			buildActionMask = 2147483647;
			files = (
				C0E1F5F02C8F1A9500123456 /* Preview Assets.xcassets in Resources */,
				C0E1F5ED2C8F1A9500123456 /* Assets.xcassets in Resources */,
			);
			runOnlyForDeploymentPostprocessing = 0;
		};
/* End PBXResourcesBuildPhase section */

/* Begin PBXSourcesBuildPhase section */
		C0E1F5E12C8F1A9400123456 /* Sources */ = {
			isa = PBXSourcesBuildPhase;
			buildActionMask = 2147483647;
			files = (
				C0E1F5EB2C8F1A9400123456 /* ContentView.swift in Sources */,
				C0E1F5F82C8F1AA300123456 /* HomeScreen.swift in Sources */,
				C0APV0022D20000000000001 /* AllProductsView.swift in Sources */,
				C0E1F5FA2C8F1AAB00123456 /* PurchaseFlowScreen.swift in Sources */,
				C0E1F5FC2C8F1AB000123456 /* SubscriptionFlowScreen.swift in Sources */,
				C0E1F5FE2C8F1AB500123456 /* AvailablePurchasesScreen.swift in Sources */,
				C0E1F6002C8F1ABA00123456 /* OfferCodeScreen.swift in Sources */,
				C0E1F6042C8F1AC500123456 /* AppColors.swift in Sources */,
				C0IAC0012D10000000000001 /* IapCompat.swift in Sources */,
				C0E1F5E92C8F1A9400123456 /* OpenIapExampleApp.swift in Sources */,
				C0UI00012D00000000000001 /* FeatureCard.swift in Sources */,
				C0UI00022D00000000000002 /* LoadingCard.swift in Sources */,
				C0UI00032D00000000000003 /* EmptyStateCard.swift in Sources */,
				C0UI00042D00000000000004 /* SectionHeaderView.swift in Sources */,
				3472D7D42E8CFCB100C0714E /* AlternativeBillingScreen.swift in Sources */,
				C0UI00052D00000000000005 /* ProductListCard.swift in Sources */,
				C0UI00062D00000000000006 /* ProductGridCard.swift in Sources */,
				C0UI00072D00000000000007 /* ActivePurchaseCard.swift in Sources */,
				C0UI00082D00000000000008 /* InstructionRow.swift in Sources */,
				C0UI00092D00000000000009 /* ProductCard.swift in Sources */,
				C0UI000A2D0000000000000A /* SubscriptionCard.swift in Sources */,
				C0UI000B2D0000000000000B /* PurchaseHistoryCard.swift in Sources */,
				C0UI000C2D0000000000000C /* InstructionCard.swift in Sources */,
				C0UI000D2D0000000000000D /* TestingNotesCard.swift in Sources */,
				C0UI000E2D0000000000000E /* TestingNote.swift in Sources */,
				C0UI000F2D0000000000000F /* PurchaseCard.swift in Sources */,
				C0UI00102D00000000000010 /* PurchaseDetailSheet.swift in Sources */,
			);
			runOnlyForDeploymentPostprocessing = 0;
		};
/* End PBXSourcesBuildPhase section */

/* Begin XCBuildConfiguration section */
		C0E1F5F12C8F1A9500123456 /* Debug */ = {
			isa = XCBuildConfiguration;
			buildSettings = {
				ALWAYS_SEARCH_USER_PATHS = NO;
				ASSETCATALOG_COMPILER_GENERATE_SWIFT_ASSET_SYMBOL_EXTENSIONS = YES;
				CLANG_ANALYZER_NONNULL = YES;
				CLANG_ANALYZER_NUMBER_OBJECT_CONVERSION = YES_AGGRESSIVE;
				CLANG_CXX_LANGUAGE_STANDARD = "gnu++20";
				CLANG_ENABLE_MODULES = YES;
				CLANG_ENABLE_OBJC_ARC = YES;
				CLANG_ENABLE_OBJC_WEAK = YES;
				CLANG_WARN_BLOCK_CAPTURE_AUTORELEASING = YES;
				CLANG_WARN_BOOL_CONVERSION = YES;
				CLANG_WARN_COMMA = YES;
				CLANG_WARN_CONSTANT_CONVERSION = YES;
				CLANG_WARN_DEPRECATED_OBJC_IMPLEMENTATIONS = YES;
				CLANG_WARN_DIRECT_OBJC_ISA_USAGE = YES_ERROR;
				CLANG_WARN_DOCUMENTATION_COMMENTS = YES;
				CLANG_WARN_EMPTY_BODY = YES;
				CLANG_WARN_ENUM_CONVERSION = YES;
				CLANG_WARN_INFINITE_RECURSION = YES;
				CLANG_WARN_INT_CONVERSION = YES;
				CLANG_WARN_NON_LITERAL_NULL_CONVERSION = YES;
				CLANG_WARN_OBJC_IMPLICIT_RETAIN_SELF = YES;
				CLANG_WARN_OBJC_LITERAL_CONVERSION = YES;
				CLANG_WARN_OBJC_ROOT_CLASS = YES_ERROR;
				CLANG_WARN_QUOTED_INCLUDE_IN_FRAMEWORK_HEADER = YES;
				CLANG_WARN_RANGE_LOOP_ANALYSIS = YES;
				CLANG_WARN_STRICT_PROTOTYPES = YES;
				CLANG_WARN_SUSPICIOUS_MOVE = YES;
				CLANG_WARN_UNGUARDED_AVAILABILITY = YES_AGGRESSIVE;
				CLANG_WARN_UNREACHABLE_CODE = YES;
				CLANG_WARN__DUPLICATE_METHOD_MATCH = YES;
				COPY_PHASE_STRIP = NO;
				DEBUG_INFORMATION_FORMAT = dwarf;
				DEVELOPMENT_TEAM = PRDQGB267K;
				ENABLE_STRICT_OBJC_MSGSEND = YES;
				ENABLE_TESTABILITY = YES;
				ENABLE_USER_SCRIPT_SANDBOXING = YES;
				GCC_C_LANGUAGE_STANDARD = gnu17;
				GCC_DYNAMIC_NO_PIC = NO;
				GCC_NO_COMMON_BLOCKS = YES;
				GCC_OPTIMIZATION_LEVEL = 0;
				GCC_PREPROCESSOR_DEFINITIONS = (
					"DEBUG=1",
					"$(inherited)",
				);
				GCC_WARN_64_TO_32_BIT_CONVERSION = YES;
				GCC_WARN_ABOUT_RETURN_TYPE = YES_ERROR;
				GCC_WARN_UNDECLARED_SELECTOR = YES;
				GCC_WARN_UNINITIALIZED_AUTOS = YES_AGGRESSIVE;
				GCC_WARN_UNUSED_FUNCTION = YES;
				GCC_WARN_UNUSED_VARIABLE = YES;
				IPHONEOS_DEPLOYMENT_TARGET = 15.0;
				LOCALIZATION_PREFERS_STRING_CATALOGS = YES;
				MTL_ENABLE_DEBUG_INFO = INCLUDE_SOURCE;
				MTL_FAST_MATH = YES;
				ONLY_ACTIVE_ARCH = YES;
				SDKROOT = iphoneos;
				STRING_CATALOG_GENERATE_SYMBOLS = YES;
				SWIFT_ACTIVE_COMPILATION_CONDITIONS = "DEBUG $(inherited)";
				SWIFT_OPTIMIZATION_LEVEL = "-Onone";
			};
			name = Debug;
		};
		C0E1F5F22C8F1A9500123456 /* Release */ = {
			isa = XCBuildConfiguration;
			buildSettings = {
				ALWAYS_SEARCH_USER_PATHS = NO;
				ASSETCATALOG_COMPILER_GENERATE_SWIFT_ASSET_SYMBOL_EXTENSIONS = YES;
				CLANG_ANALYZER_NONNULL = YES;
				CLANG_ANALYZER_NUMBER_OBJECT_CONVERSION = YES_AGGRESSIVE;
				CLANG_CXX_LANGUAGE_STANDARD = "gnu++20";
				CLANG_ENABLE_MODULES = YES;
				CLANG_ENABLE_OBJC_ARC = YES;
				CLANG_ENABLE_OBJC_WEAK = YES;
				CLANG_WARN_BLOCK_CAPTURE_AUTORELEASING = YES;
				CLANG_WARN_BOOL_CONVERSION = YES;
				CLANG_WARN_COMMA = YES;
				CLANG_WARN_CONSTANT_CONVERSION = YES;
				CLANG_WARN_DEPRECATED_OBJC_IMPLEMENTATIONS = YES;
				CLANG_WARN_DIRECT_OBJC_ISA_USAGE = YES_ERROR;
				CLANG_WARN_DOCUMENTATION_COMMENTS = YES;
				CLANG_WARN_EMPTY_BODY = YES;
				CLANG_WARN_ENUM_CONVERSION = YES;
				CLANG_WARN_INFINITE_RECURSION = YES;
				CLANG_WARN_INT_CONVERSION = YES;
				CLANG_WARN_NON_LITERAL_NULL_CONVERSION = YES;
				CLANG_WARN_OBJC_IMPLICIT_RETAIN_SELF = YES;
				CLANG_WARN_OBJC_LITERAL_CONVERSION = YES;
				CLANG_WARN_OBJC_ROOT_CLASS = YES_ERROR;
				CLANG_WARN_QUOTED_INCLUDE_IN_FRAMEWORK_HEADER = YES;
				CLANG_WARN_RANGE_LOOP_ANALYSIS = YES;
				CLANG_WARN_STRICT_PROTOTYPES = YES;
				CLANG_WARN_SUSPICIOUS_MOVE = YES;
				CLANG_WARN_UNGUARDED_AVAILABILITY = YES_AGGRESSIVE;
				CLANG_WARN_UNREACHABLE_CODE = YES;
				CLANG_WARN__DUPLICATE_METHOD_MATCH = YES;
				COPY_PHASE_STRIP = NO;
				DEBUG_INFORMATION_FORMAT = "dwarf-with-dsym";
				DEVELOPMENT_TEAM = PRDQGB267K;
				ENABLE_NS_ASSERTIONS = NO;
				ENABLE_STRICT_OBJC_MSGSEND = YES;
				ENABLE_USER_SCRIPT_SANDBOXING = YES;
				GCC_C_LANGUAGE_STANDARD = gnu17;
				GCC_NO_COMMON_BLOCKS = YES;
				GCC_WARN_64_TO_32_BIT_CONVERSION = YES;
				GCC_WARN_ABOUT_RETURN_TYPE = YES_ERROR;
				GCC_WARN_UNDECLARED_SELECTOR = YES;
				GCC_WARN_UNINITIALIZED_AUTOS = YES_AGGRESSIVE;
				GCC_WARN_UNUSED_FUNCTION = YES;
				GCC_WARN_UNUSED_VARIABLE = YES;
				IPHONEOS_DEPLOYMENT_TARGET = 15.0;
				LOCALIZATION_PREFERS_STRING_CATALOGS = YES;
				MTL_ENABLE_DEBUG_INFO = NO;
				MTL_FAST_MATH = YES;
				SDKROOT = iphoneos;
				STRING_CATALOG_GENERATE_SYMBOLS = YES;
				SWIFT_COMPILATION_MODE = wholemodule;
				VALIDATE_PRODUCT = YES;
			};
			name = Release;
		};
		C0E1F5F42C8F1A9500123456 /* Debug */ = {
			isa = XCBuildConfiguration;
			buildSettings = {
				ASSETCATALOG_COMPILER_APPICON_NAME = AppIcon;
				ASSETCATALOG_COMPILER_GLOBAL_ACCENT_COLOR_NAME = AccentColor;
				CODE_SIGN_STYLE = Automatic;
				CURRENT_PROJECT_VERSION = 1;
				DEVELOPMENT_ASSET_PATHS = "\"OpenIapExample/Preview Content\"";
				ENABLE_PREVIEWS = YES;
				GENERATE_INFOPLIST_FILE = YES;
				INFOPLIST_KEY_CFBundleDisplayName = OpenIAP;
				INFOPLIST_KEY_UIApplicationSceneManifest_Generation = YES;
				INFOPLIST_KEY_UIApplicationSupportsIndirectInputEvents = YES;
				INFOPLIST_KEY_UILaunchScreen_Generation = YES;
				INFOPLIST_KEY_UISupportedInterfaceOrientations_iPad = "UIInterfaceOrientationPortrait UIInterfaceOrientationPortraitUpsideDown UIInterfaceOrientationLandscapeLeft UIInterfaceOrientationLandscapeRight";
				INFOPLIST_KEY_UISupportedInterfaceOrientations_iPhone = "UIInterfaceOrientationPortrait UIInterfaceOrientationLandscapeLeft UIInterfaceOrientationLandscapeRight";
				IPHONEOS_DEPLOYMENT_TARGET = 15.0;
				LD_RUNPATH_SEARCH_PATHS = (
					"$(inherited)",
					"@executable_path/Frameworks",
				);
				MARKETING_VERSION = 1.0;
				PRODUCT_BUNDLE_IDENTIFIER = dev.hyo.martie;
				PRODUCT_NAME = "$(TARGET_NAME)";
				SWIFT_EMIT_LOC_STRINGS = YES;
				SWIFT_VERSION = 5.0;
				TARGETED_DEVICE_FAMILY = "1,2";
			};
			name = Debug;
		};
		C0E1F5F52C8F1A9500123456 /* Release */ = {
			isa = XCBuildConfiguration;
			buildSettings = {
				ASSETCATALOG_COMPILER_APPICON_NAME = AppIcon;
				ASSETCATALOG_COMPILER_GLOBAL_ACCENT_COLOR_NAME = AccentColor;
				CODE_SIGN_STYLE = Automatic;
				CURRENT_PROJECT_VERSION = 1;
				DEVELOPMENT_ASSET_PATHS = "\"OpenIapExample/Preview Content\"";
				ENABLE_PREVIEWS = YES;
				GENERATE_INFOPLIST_FILE = YES;
				INFOPLIST_KEY_CFBundleDisplayName = OpenIAP;
				INFOPLIST_KEY_UIApplicationSceneManifest_Generation = YES;
				INFOPLIST_KEY_UIApplicationSupportsIndirectInputEvents = YES;
				INFOPLIST_KEY_UILaunchScreen_Generation = YES;
				INFOPLIST_KEY_UISupportedInterfaceOrientations_iPad = "UIInterfaceOrientationPortrait UIInterfaceOrientationPortraitUpsideDown UIInterfaceOrientationLandscapeLeft UIInterfaceOrientationLandscapeRight";
				INFOPLIST_KEY_UISupportedInterfaceOrientations_iPhone = "UIInterfaceOrientationPortrait UIInterfaceOrientationLandscapeLeft UIInterfaceOrientationLandscapeRight";
				IPHONEOS_DEPLOYMENT_TARGET = 15.0;
				LD_RUNPATH_SEARCH_PATHS = (
					"$(inherited)",
					"@executable_path/Frameworks",
				);
				MARKETING_VERSION = 1.0;
				PRODUCT_BUNDLE_IDENTIFIER = dev.hyo.martie;
				PRODUCT_NAME = "$(TARGET_NAME)";
				SWIFT_EMIT_LOC_STRINGS = YES;
				SWIFT_VERSION = 5.0;
				TARGETED_DEVICE_FAMILY = "1,2";
			};
			name = Release;
		};
/* End XCBuildConfiguration section */

/* Begin XCConfigurationList section */
		C0E1F5E02C8F1A9400123456 /* Build configuration list for PBXProject "Martie" */ = {
			isa = XCConfigurationList;
			buildConfigurations = (
				C0E1F5F12C8F1A9500123456 /* Debug */,
				C0E1F5F22C8F1A9500123456 /* Release */,
			);
			defaultConfigurationIsVisible = 0;
			defaultConfigurationName = Release;
		};
		C0E1F5F32C8F1A9500123456 /* Build configuration list for PBXNativeTarget "OpenIapExample" */ = {
			isa = XCConfigurationList;
			buildConfigurations = (
				C0E1F5F42C8F1A9500123456 /* Debug */,
				C0E1F5F52C8F1A9500123456 /* Release */,
			);
			defaultConfigurationIsVisible = 0;
			defaultConfigurationName = Release;
		};
/* End XCConfigurationList section */

/* Begin XCLocalSwiftPackageReference section */
		C0E1F6052C8F1AD000123456 /* XCLocalSwiftPackageReference ".." */ = {
			isa = XCLocalSwiftPackageReference;
			relativePath = ..;
		};
/* End XCLocalSwiftPackageReference section */

/* Begin XCSwiftPackageProductDependency section */
		C0E1F6062C8F1AD000123456 /* OpenIAP */ = {
			isa = XCSwiftPackageProductDependency;
			package = C0E1F6052C8F1AD000123456 /* XCLocalSwiftPackageReference ".." */;
			productName = OpenIAP;
		};
/* End XCSwiftPackageProductDependency section */
	};
	rootObject = C0E1F5DD2C8F1A9400123456 /* Project object */;
}
