// !$*UTF8*$!
{
	archiveVersion = 1;
	classes = {
	};
	objectVersion = 60;
	objects = {

/* Begin PBXBuildFile section */
		C0E1F5E92C8F1A9400123456 /* IosIapExampleApp.swift in Sources */ = {isa = PBXBuildFile; fileRef = C0E1F5E82C8F1A9400123456 /* IosIapExampleApp.swift */; };
		C0E1F5EB2C8F1A9400123456 /* ContentView.swift in Sources */ = {isa = PBXBuildFile; fileRef = C0E1F5EA2C8F1A9400123456 /* ContentView.swift */; };
		C0E1F5ED2C8F1A9500123456 /* Assets.xcassets in Resources */ = {isa = PBXBuildFile; fileRef = C0E1F5EC2C8F1A9500123456 /* Assets.xcassets */; };
		C0E1F5F02C8F1A9500123456 /* Preview Assets.xcassets in Resources */ = {isa = PBXBuildFile; fileRef = C0E1F5EF2C8F1A9500123456 /* Preview Assets.xcassets */; };
		C0E1F5F82C8F1AA300123456 /* HomeScreen.swift in Sources */ = {isa = PBXBuildFile; fileRef = C0E1F5F72C8F1AA300123456 /* HomeScreen.swift */; };
		C0E1F5FA2C8F1AAB00123456 /* PurchaseFlowScreen.swift in Sources */ = {isa = PBXBuildFile; fileRef = C0E1F5F92C8F1AAB00123456 /* PurchaseFlowScreen.swift */; };
		C0E1F5FC2C8F1AB000123456 /* SubscriptionFlowScreen.swift in Sources */ = {isa = PBXBuildFile; fileRef = C0E1F5FB2C8F1AB000123456 /* SubscriptionFlowScreen.swift */; };
		C0E1F5FE2C8F1AB500123456 /* AvailablePurchasesScreen.swift in Sources */ = {isa = PBXBuildFile; fileRef = C0E1F5FD2C8F1AB500123456 /* AvailablePurchasesScreen.swift */; };
		C0E1F6002C8F1ABA00123456 /* OfferCodeScreen.swift in Sources */ = {isa = PBXBuildFile; fileRef = C0E1F5FF2C8F1ABA00123456 /* OfferCodeScreen.swift */; };
		C0E1F6022C8F1AC000123456 /* StoreViewModel.swift in Sources */ = {isa = PBXBuildFile; fileRef = C0E1F6012C8F1AC000123456 /* StoreViewModel.swift */; };
		C0E1F6042C8F1AC500123456 /* AppColors.swift in Sources */ = {isa = PBXBuildFile; fileRef = C0E1F6032C8F1AC500123456 /* AppColors.swift */; };
		C0E1F6072C8F1AD000123456 /* IosIAP in Frameworks */ = {isa = PBXBuildFile; productRef = C0E1F6062C8F1AD000123456 /* IosIAP */; };
/* End PBXBuildFile section */

/* Begin PBXFileReference section */
		C0E1F5E52C8F1A9400123456 /* IosIapExample.app */ = {isa = PBXFileReference; explicitFileType = wrapper.application; includeInIndex = 0; path = IosIapExample.app; sourceTree = BUILT_PRODUCTS_DIR; };
		C0E1F5E82C8F1A9400123456 /* IosIapExampleApp.swift */ = {isa = PBXFileReference; lastKnownFileType = sourcecode.swift; path = IosIapExampleApp.swift; sourceTree = "<group>"; };
		C0E1F5EA2C8F1A9400123456 /* ContentView.swift */ = {isa = PBXFileReference; lastKnownFileType = sourcecode.swift; path = ContentView.swift; sourceTree = "<group>"; };
		C0E1F5EC2C8F1A9500123456 /* Assets.xcassets */ = {isa = PBXFileReference; lastKnownFileType = folder.assetcatalog; path = Assets.xcassets; sourceTree = "<group>"; };
		C0E1F5EF2C8F1A9500123456 /* Preview Assets.xcassets */ = {isa = PBXFileReference; lastKnownFileType = folder.assetcatalog; path = "Preview Assets.xcassets"; sourceTree = "<group>"; };
		C0E1F5F72C8F1AA300123456 /* HomeScreen.swift */ = {isa = PBXFileReference; lastKnownFileType = sourcecode.swift; path = HomeScreen.swift; sourceTree = "<group>"; };
		C0E1F5F92C8F1AAB00123456 /* PurchaseFlowScreen.swift */ = {isa = PBXFileReference; lastKnownFileType = sourcecode.swift; path = PurchaseFlowScreen.swift; sourceTree = "<group>"; };
		C0E1F5FB2C8F1AB000123456 /* SubscriptionFlowScreen.swift */ = {isa = PBXFileReference; lastKnownFileType = sourcecode.swift; path = SubscriptionFlowScreen.swift; sourceTree = "<group>"; };
		C0E1F5FD2C8F1AB500123456 /* AvailablePurchasesScreen.swift */ = {isa = PBXFileReference; lastKnownFileType = sourcecode.swift; path = AvailablePurchasesScreen.swift; sourceTree = "<group>"; };
		C0E1F5FF2C8F1ABA00123456 /* OfferCodeScreen.swift */ = {isa = PBXFileReference; lastKnownFileType = sourcecode.swift; path = OfferCodeScreen.swift; sourceTree = "<group>"; };
		C0E1F6012C8F1AC000123456 /* StoreViewModel.swift */ = {isa = PBXFileReference; lastKnownFileType = sourcecode.swift; path = StoreViewModel.swift; sourceTree = "<group>"; };
		C0E1F6032C8F1AC500123456 /* AppColors.swift */ = {isa = PBXFileReference; lastKnownFileType = sourcecode.swift; path = AppColors.swift; sourceTree = "<group>"; };
/* End PBXFileReference section */

/* Begin PBXFrameworksBuildPhase section */
		C0E1F5E22C8F1A9400123456 /* Frameworks */ = {
			isa = PBXFrameworksBuildPhase;
			buildActionMask = 2147483647;
			files = (
				C0E1F6072C8F1AD000123456 /* IosIAP in Frameworks */,
			);
			runOnlyForDeploymentPostprocessing = 0;
		};
/* End PBXFrameworksBuildPhase section */

/* Begin PBXGroup section */
		C0E1F5DC2C8F1A9400123456 = {
			isa = PBXGroup;
			children = (
				C0E1F5E72C8F1A9400123456 /* IosIapExample */,
				C0E1F5E62C8F1A9400123456 /* Products */,
			);
			sourceTree = "<group>";
		};
		C0E1F5E62C8F1A9400123456 /* Products */ = {
			isa = PBXGroup;
			children = (
				C0E1F5E52C8F1A9400123456 /* IosIapExample.app */,
			);
			name = Products;
			sourceTree = "<group>";
		};
		C0E1F5E72C8F1A9400123456 /* IosIapExample */ = {
			isa = PBXGroup;
			children = (
				C0E1F6082C8F1AD500123456 /* Screens */,
				C0E1F6092C8F1ADB00123456 /* ViewModels */,
				C0E1F60A2C8F1AE000123456 /* Models */,
				C0E1F5E82C8F1A9400123456 /* IosIapExampleApp.swift */,
				C0E1F5EA2C8F1A9400123456 /* ContentView.swift */,
				C0E1F5EC2C8F1A9500123456 /* Assets.xcassets */,
				C0E1F5EE2C8F1A9500123456 /* Preview Content */,
			);
			path = IosIapExample;
			sourceTree = "<group>";
		};
		C0E1F5EE2C8F1A9500123456 /* Preview Content */ = {
			isa = PBXGroup;
			children = (
				C0E1F5EF2C8F1A9500123456 /* Preview Assets.xcassets */,
			);
			path = "Preview Content";
			sourceTree = "<group>";
		};
		C0E1F6082C8F1AD500123456 /* Screens */ = {
			isa = PBXGroup;
			children = (
				C0E1F5F72C8F1AA300123456 /* HomeScreen.swift */,
				C0E1F5F92C8F1AAB00123456 /* PurchaseFlowScreen.swift */,
				C0E1F5FB2C8F1AB000123456 /* SubscriptionFlowScreen.swift */,
				C0E1F5FD2C8F1AB500123456 /* AvailablePurchasesScreen.swift */,
				C0E1F5FF2C8F1ABA00123456 /* OfferCodeScreen.swift */,
			);
			path = Screens;
			sourceTree = "<group>";
		};
		C0E1F6092C8F1ADB00123456 /* ViewModels */ = {
			isa = PBXGroup;
			children = (
				C0E1F6012C8F1AC000123456 /* StoreViewModel.swift */,
			);
			path = ViewModels;
			sourceTree = "<group>";
		};
		C0E1F60A2C8F1AE000123456 /* Models */ = {
			isa = PBXGroup;
			children = (
				C0E1F6032C8F1AC500123456 /* AppColors.swift */,
			);
			path = Models;
			sourceTree = "<group>";
		};
/* End PBXGroup section */

/* Begin PBXNativeTarget section */
		C0E1F5E42C8F1A9400123456 /* IosIapExample */ = {
			isa = PBXNativeTarget;
			buildConfigurationList = C0E1F5F32C8F1A9500123456 /* Build configuration list for PBXNativeTarget "IosIapExample" */;
			buildPhases = (
				C0E1F5E12C8F1A9400123456 /* Sources */,
				C0E1F5E22C8F1A9400123456 /* Frameworks */,
				C0E1F5E32C8F1A9400123456 /* Resources */,
			);
			buildRules = (
			);
			dependencies = (
			);
			name = IosIapExample;
			packageProductDependencies = (
				C0E1F6062C8F1AD000123456 /* IosIAP */,
			);
			productName = IosIapExample;
			productReference = C0E1F5E52C8F1A9400123456 /* IosIapExample.app */;
			productType = "com.apple.product-type.application";
		};
/* End PBXNativeTarget section */

/* Begin PBXProject section */
		C0E1F5DD2C8F1A9400123456 /* Project object */ = {
			isa = PBXProject;
			attributes = {
				BuildIndependentTargetsInParallel = 1;
				LastSwiftUpdateCheck = 1500;
				LastUpgradeCheck = 1500;
				TargetAttributes = {
					C0E1F5E42C8F1A9400123456 = {
						CreatedOnToolsVersion = 15.0;
					};
				};
			};
			buildConfigurationList = C0E1F5E02C8F1A9400123456 /* Build configuration list for PBXProject "IosIapExample" */;
			compatibilityVersion = "Xcode 14.0";
			developmentRegion = en;
			hasScannedForEncodings = 0;
			knownRegions = (
				en,
				Base,
			);
			mainGroup = C0E1F5DC2C8F1A9400123456;
			packageReferences = (
				C0E1F6052C8F1AD000123456 /* XCLocalSwiftPackageReference ".." */,
			);
			productRefGroup = C0E1F5E62C8F1A9400123456 /* Products */;
			projectDirPath = "";
			projectRoot = "";
			targets = (
				C0E1F5E42C8F1A9400123456 /* IosIapExample */,
			);
		};
/* End PBXProject section */

/* Begin PBXResourcesBuildPhase section */
		C0E1F5E32C8F1A9400123456 /* Resources */ = {
			isa = PBXResourcesBuildPhase;
			buildActionMask = 2147483647;
			files = (
				C0E1F5F02C8F1A9500123456 /* Preview Assets.xcassets in Resources */,
				C0E1F5ED2C8F1A9500123456 /* Assets.xcassets in Resources */,
			);
			runOnlyForDeploymentPostprocessing = 0;
		};
/* End PBXResourcesBuildPhase section */

/* Begin PBXSourcesBuildPhase section */
		C0E1F5E12C8F1A9400123456 /* Sources */ = {
			isa = PBXSourcesBuildPhase;
			buildActionMask = 2147483647;
			files = (
				C0E1F5EB2C8F1A9400123456 /* ContentView.swift in Sources */,
				C0E1F5F82C8F1AA300123456 /* HomeScreen.swift in Sources */,
				C0E1F5FA2C8F1AAB00123456 /* PurchaseFlowScreen.swift in Sources */,
				C0E1F5FC2C8F1AB000123456 /* SubscriptionFlowScreen.swift in Sources */,
				C0E1F5FE2C8F1AB500123456 /* AvailablePurchasesScreen.swift in Sources */,
				C0E1F6002C8F1ABA00123456 /* OfferCodeScreen.swift in Sources */,
				C0E1F6022C8F1AC000123456 /* StoreViewModel.swift in Sources */,
				C0E1F6042C8F1AC500123456 /* AppColors.swift in Sources */,
				C0E1F5E92C8F1A9400123456 /* IosIapExampleApp.swift in Sources */,
			);
			runOnlyForDeploymentPostprocessing = 0;
		};
/* End PBXSourcesBuildPhase section */

/* Begin XCBuildConfiguration section */
		C0E1F5F12C8F1A9500123456 /* Debug */ = {
			isa = XCBuildConfiguration;
			buildSettings = {
				ALWAYS_SEARCH_USER_PATHS = NO;
				ASSETCATALOG_COMPILER_GENERATE_SWIFT_ASSET_SYMBOL_EXTENSIONS = YES;
				CLANG_ANALYZER_NONNULL = YES;
				CLANG_ANALYZER_NUMBER_OBJECT_CONVERSION = YES_AGGRESSIVE;
				CLANG_CXX_LANGUAGE_STANDARD = "gnu++20";
				CLANG_ENABLE_MODULES = YES;
				CLANG_ENABLE_OBJC_ARC = YES;
				CLANG_ENABLE_OBJC_WEAK = YES;
				CLANG_WARN_BLOCK_CAPTURE_AUTORELEASING = YES;
				CLANG_WARN_BOOL_CONVERSION = YES;
				CLANG_WARN_COMMA = YES;
				CLANG_WARN_CONSTANT_CONVERSION = YES;
				CLANG_WARN_DEPRECATED_OBJC_IMPLEMENTATIONS = YES;
				CLANG_WARN_DIRECT_OBJC_ISA_USAGE = YES_ERROR;
				CLANG_WARN_DOCUMENTATION_COMMENTS = YES;
				CLANG_WARN_EMPTY_BODY = YES;
				CLANG_WARN_ENUM_CONVERSION = YES;
				CLANG_WARN_INFINITE_RECURSION = YES;
				CLANG_WARN_INT_CONVERSION = YES;
				CLANG_WARN_NON_LITERAL_NULL_CONVERSION = YES;
				CLANG_WARN_OBJC_IMPLICIT_RETAIN_SELF = YES;
				CLANG_WARN_OBJC_LITERAL_CONVERSION = YES;
				CLANG_WARN_OBJC_ROOT_CLASS = YES_ERROR;
				CLANG_WARN_QUOTED_INCLUDE_IN_FRAMEWORK_HEADER = YES;
				CLANG_WARN_RANGE_LOOP_ANALYSIS = YES;
				CLANG_WARN_STRICT_PROTOTYPES = YES;
				CLANG_WARN_SUSPICIOUS_MOVE = YES;
				CLANG_WARN_UNGUARDED_AVAILABILITY = YES_AGGRESSIVE;
				CLANG_WARN_UNREACHABLE_CODE = YES;
				CLANG_WARN__DUPLICATE_METHOD_MATCH = YES;
				COPY_PHASE_STRIP = NO;
				DEBUG_INFORMATION_FORMAT = dwarf;
				ENABLE_STRICT_OBJC_MSGSEND = YES;
				ENABLE_TESTABILITY = YES;
				ENABLE_USER_SCRIPT_SANDBOXING = YES;
				GCC_C_LANGUAGE_STANDARD = gnu17;
				GCC_DYNAMIC_NO_PIC = NO;
				GCC_NO_COMMON_BLOCKS = YES;
				GCC_OPTIMIZATION_LEVEL = 0;
				GCC_PREPROCESSOR_DEFINITIONS = (
					"DEBUG=1",
					"$(inherited)",
				);
				GCC_WARN_64_TO_32_BIT_CONVERSION = YES;
				GCC_WARN_ABOUT_RETURN_TYPE = YES_ERROR;
				GCC_WARN_UNDECLARED_SELECTOR = YES;
				GCC_WARN_UNINITIALIZED_AUTOS = YES_AGGRESSIVE;
				GCC_WARN_UNUSED_FUNCTION = YES;
				GCC_WARN_UNUSED_VARIABLE = YES;
				IPHONEOS_DEPLOYMENT_TARGET = 15.0;
				LOCALIZATION_PREFERS_STRING_CATALOGS = YES;
				MTL_ENABLE_DEBUG_INFO = INCLUDE_SOURCE;
				MTL_FAST_MATH = YES;
				ONLY_ACTIVE_ARCH = YES;
				SDKROOT = iphoneos;
				SWIFT_ACTIVE_COMPILATION_CONDITIONS = "DEBUG $(inherited)";
				SWIFT_OPTIMIZATION_LEVEL = "-Onone";
			};
			name = Debug;
		};
		C0E1F5F22C8F1A9500123456 /* Release */ = {
			isa = XCBuildConfiguration;
			buildSettings = {
				ALWAYS_SEARCH_USER_PATHS = NO;
				ASSETCATALOG_COMPILER_GENERATE_SWIFT_ASSET_SYMBOL_EXTENSIONS = YES;
				CLANG_ANALYZER_NONNULL = YES;
				CLANG_ANALYZER_NUMBER_OBJECT_CONVERSION = YES_AGGRESSIVE;
				CLANG_CXX_LANGUAGE_STANDARD = "gnu++20";
				CLANG_ENABLE_MODULES = YES;
				CLANG_ENABLE_OBJC_ARC = YES;
				CLANG_ENABLE_OBJC_WEAK = YES;
				CLANG_WARN_BLOCK_CAPTURE_AUTORELEASING = YES;
				CLANG_WARN_BOOL_CONVERSION = YES;
				CLANG_WARN_COMMA = YES;
				CLANG_WARN_CONSTANT_CONVERSION = YES;
				CLANG_WARN_DEPRECATED_OBJC_IMPLEMENTATIONS = YES;
				CLANG_WARN_DIRECT_OBJC_ISA_USAGE = YES_ERROR;
				CLANG_WARN_DOCUMENTATION_COMMENTS = YES;
				CLANG_WARN_EMPTY_BODY = YES;
				CLANG_WARN_ENUM_CONVERSION = YES;
				CLANG_WARN_INFINITE_RECURSION = YES;
				CLANG_WARN_INT_CONVERSION = YES;
				CLANG_WARN_NON_LITERAL_NULL_CONVERSION = YES;
				CLANG_WARN_OBJC_IMPLICIT_RETAIN_SELF = YES;
				CLANG_WARN_OBJC_LITERAL_CONVERSION = YES;
				CLANG_WARN_OBJC_ROOT_CLASS = YES_ERROR;
				CLANG_WARN_QUOTED_INCLUDE_IN_FRAMEWORK_HEADER = YES;
				CLANG_WARN_RANGE_LOOP_ANALYSIS = YES;
				CLANG_WARN_STRICT_PROTOTYPES = YES;
				CLANG_WARN_SUSPICIOUS_MOVE = YES;
				CLANG_WARN_UNGUARDED_AVAILABILITY = YES_AGGRESSIVE;
				CLANG_WARN_UNREACHABLE_CODE = YES;
				CLANG_WARN__DUPLICATE_METHOD_MATCH = YES;
				COPY_PHASE_STRIP = NO;
				DEBUG_INFORMATION_FORMAT = "dwarf-with-dsym";
				ENABLE_NS_ASSERTIONS = NO;
				ENABLE_STRICT_OBJC_MSGSEND = YES;
				ENABLE_USER_SCRIPT_SANDBOXING = YES;
				GCC_C_LANGUAGE_STANDARD = gnu17;
				GCC_NO_COMMON_BLOCKS = YES;
				GCC_WARN_64_TO_32_BIT_CONVERSION = YES;
				GCC_WARN_ABOUT_RETURN_TYPE = YES_ERROR;
				GCC_WARN_UNDECLARED_SELECTOR = YES;
				GCC_WARN_UNINITIALIZED_AUTOS = YES_AGGRESSIVE;
				GCC_WARN_UNUSED_FUNCTION = YES;
				GCC_WARN_UNUSED_VARIABLE = YES;
				IPHONEOS_DEPLOYMENT_TARGET = 15.0;
				LOCALIZATION_PREFERS_STRING_CATALOGS = YES;
				MTL_ENABLE_DEBUG_INFO = NO;
				MTL_FAST_MATH = YES;
				SDKROOT = iphoneos;
				SWIFT_COMPILATION_MODE = wholemodule;
				VALIDATE_PRODUCT = YES;
			};
			name = Release;
		};
		C0E1F5F42C8F1A9500123456 /* Debug */ = {
			isa = XCBuildConfiguration;
			buildSettings = {
				ASSETCATALOG_COMPILER_APPICON_NAME = AppIcon;
				ASSETCATALOG_COMPILER_GLOBAL_ACCENT_COLOR_NAME = AccentColor;
				CODE_SIGN_STYLE = Automatic;
				CURRENT_PROJECT_VERSION = 1;
				DEVELOPMENT_ASSET_PATHS = "\"IosIapExample/Preview Content\"";
				DEVELOPMENT_TEAM = PRDQGB267K;
				ENABLE_PREVIEWS = YES;
				GENERATE_INFOPLIST_FILE = YES;
				INFOPLIST_KEY_CFBundleDisplayName = "IosIAP Example";
				INFOPLIST_KEY_UIApplicationSceneManifest_Generation = YES;
				INFOPLIST_KEY_UIApplicationSupportsIndirectInputEvents = YES;
				INFOPLIST_KEY_UILaunchScreen_Generation = YES;
				INFOPLIST_KEY_UISupportedInterfaceOrientations_iPad = "UIInterfaceOrientationPortrait UIInterfaceOrientationPortraitUpsideDown UIInterfaceOrientationLandscapeLeft UIInterfaceOrientationLandscapeRight";
				INFOPLIST_KEY_UISupportedInterfaceOrientations_iPhone = "UIInterfaceOrientationPortrait UIInterfaceOrientationLandscapeLeft UIInterfaceOrientationLandscapeRight";
				IPHONEOS_DEPLOYMENT_TARGET = 15.0;
				LD_RUNPATH_SEARCH_PATHS = (
					"$(inherited)",
					"@executable_path/Frameworks",
				);
				MARKETING_VERSION = 1.0;
				PRODUCT_BUNDLE_IDENTIFIER = dev.hyo.martie;
				PRODUCT_NAME = "$(TARGET_NAME)";
				SWIFT_EMIT_LOC_STRINGS = YES;
				SWIFT_VERSION = 5.0;
				TARGETED_DEVICE_FAMILY = "1,2";
			};
			name = Debug;
		};
		C0E1F5F52C8F1A9500123456 /* Release */ = {
			isa = XCBuildConfiguration;
			buildSettings = {
				ASSETCATALOG_COMPILER_APPICON_NAME = AppIcon;
				ASSETCATALOG_COMPILER_GLOBAL_ACCENT_COLOR_NAME = AccentColor;
				CODE_SIGN_STYLE = Automatic;
				CURRENT_PROJECT_VERSION = 1;
				DEVELOPMENT_ASSET_PATHS = "\"IosIapExample/Preview Content\"";
				DEVELOPMENT_TEAM = PRDQGB267K;
				ENABLE_PREVIEWS = YES;
				GENERATE_INFOPLIST_FILE = YES;
				INFOPLIST_KEY_CFBundleDisplayName = "IosIAP Example";
				INFOPLIST_KEY_UIApplicationSceneManifest_Generation = YES;
				INFOPLIST_KEY_UIApplicationSupportsIndirectInputEvents = YES;
				INFOPLIST_KEY_UILaunchScreen_Generation = YES;
				INFOPLIST_KEY_UISupportedInterfaceOrientations_iPad = "UIInterfaceOrientationPortrait UIInterfaceOrientationPortraitUpsideDown UIInterfaceOrientationLandscapeLeft UIInterfaceOrientationLandscapeRight";
				INFOPLIST_KEY_UISupportedInterfaceOrientations_iPhone = "UIInterfaceOrientationPortrait UIInterfaceOrientationLandscapeLeft UIInterfaceOrientationLandscapeRight";
				IPHONEOS_DEPLOYMENT_TARGET = 15.0;
				LD_RUNPATH_SEARCH_PATHS = (
					"$(inherited)",
					"@executable_path/Frameworks",
				);
				MARKETING_VERSION = 1.0;
				PRODUCT_BUNDLE_IDENTIFIER = dev.hyo.martie;
				PRODUCT_NAME = "$(TARGET_NAME)";
				SWIFT_EMIT_LOC_STRINGS = YES;
				SWIFT_VERSION = 5.0;
				TARGETED_DEVICE_FAMILY = "1,2";
			};
			name = Release;
		};
/* End XCBuildConfiguration section */

/* Begin XCConfigurationList section */
		C0E1F5E02C8F1A9400123456 /* Build configuration list for PBXProject "IosIapExample" */ = {
			isa = XCConfigurationList;
			buildConfigurations = (
				C0E1F5F12C8F1A9500123456 /* Debug */,
				C0E1F5F22C8F1A9500123456 /* Release */,
			);
			defaultConfigurationIsVisible = 0;
			defaultConfigurationName = Release;
		};
		C0E1F5F32C8F1A9500123456 /* Build configuration list for PBXNativeTarget "IosIapExample" */ = {
			isa = XCConfigurationList;
			buildConfigurations = (
				C0E1F5F42C8F1A9500123456 /* Debug */,
				C0E1F5F52C8F1A9500123456 /* Release */,
			);
			defaultConfigurationIsVisible = 0;
			defaultConfigurationName = Release;
		};
/* End XCConfigurationList section */

/* Begin XCLocalSwiftPackageReference section */
		C0E1F6052C8F1AD000123456 /* XCLocalSwiftPackageReference ".." */ = {
			isa = XCLocalSwiftPackageReference;
			relativePath = ..;
		};
/* End XCLocalSwiftPackageReference section */

/* Begin XCSwiftPackageProductDependency section */
		C0E1F6062C8F1AD000123456 /* IosIAP */ = {
			isa = XCSwiftPackageProductDependency;
			package = C0E1F6052C8F1AD000123456 /* XCLocalSwiftPackageReference ".." */;
			productName = IosIAP;
		};
/* End XCSwiftPackageProductDependency section */
	};
	rootObject = C0E1F5DD2C8F1A9400123456 /* Project object */;
}
